
Microsoft Visual Studio Solution File, Format Version 12.00
# Visual Studio 15
VisualStudioVersion = 15.0.28307.572
MinimumVisualStudioVersion = 10.0.40219.1
Project("{FAE04EC0-301F-11D3-BF4B-00C04F79EFBC}") = "WordMemorize", "WordMemorize\WordMemorize.csproj", "{110780E8-4889-47D8-8DFC-A9E3B3CFB1A0}"
EndProject
Global
	GlobalSection(SolutionConfigurationPlatforms) = preSolution
		Debug|Any CPU = Debug|Any CPU
		Release|Any CPU = Release|Any CPU
	EndGlobalSection
	GlobalSection(ProjectConfigurationPlatforms) = postSolution
		{110780E8-4889-47D8-8DFC-A9E3B3CFB1A0}.Debug|Any CPU.ActiveCfg = Debug|Any CPU
		{110780E8-4889-47D8-8DFC-A9E3B3CFB1A0}.Debug|Any CPU.Build.0 = Debug|Any CPU
		{110780E8-4889-47D8-8DFC-A9E3B3CFB1A0}.Release|Any CPU.ActiveCfg = Release|Any CPU
		{110780E8-4889-47D8-8DFC-A9E3B3CFB1A0}.Release|Any CPU.Build.0 = Release|Any CPU
	EndGlobalSection
	GlobalSection(SolutionProperties) = preSolution
		HideSolutionNode = FALSE
	EndGlobalSection
	GlobalSection(ExtensibilityGlobals) = postSolution
		SolutionGuid = {4593AB2B-9FF3-4BA9-942D-6F776834EFE4}
	EndGlobalSection
EndGlobal
